// !$*UTF8*$!
{
	archiveVersion = 1;
	classes = {
	};
	objectVersion = 46;
	objects = {

/* Begin PBXBuildFile section */
		F94276F61D38C7D800875791 /* main.m in Sources */ = {isa = PBXBuildFile; fileRef = F94276F51D38C7D800875791 /* main.m */; };
		F94276F91D38C7D800875791 /* AppDelegate.m in Sources */ = {isa = PBXBuildFile; fileRef = F94276F81D38C7D800875791 /* AppDelegate.m */; };
		F94276FC1D38C7D800875791 /* ViewController.m in Sources */ = {isa = PBXBuildFile; fileRef = F94276FB1D38C7D800875791 /* ViewController.m */; };
		F94276FF1D38C7D800875791 /* Main.storyboard in Resources */ = {isa = PBXBuildFile; fileRef = F94276FD1D38C7D800875791 /* Main.storyboard */; };
		F94277011D38C7D800875791 /* Assets.xcassets in Resources */ = {isa = PBXBuildFile; fileRef = F94277001D38C7D800875791 /* Assets.xcassets */; };
		F94277041D38C7D800875791 /* LaunchScreen.storyboard in Resources */ = {isa = PBXBuildFile; fileRef = F94277021D38C7D800875791 /* LaunchScreen.storyboard */; };
		F94277131D38D9A700875791 /* c.jpeg in Resources */ = {isa = PBXBuildFile; fileRef = F94277121D38D9A700875791 /* c.jpeg */; };
		F9F2200C1D3DB7E900D50E68 /* SLClockView.m in Sources */ = {isa = PBXBuildFile; fileRef = F9F2200B1D3DB7E900D50E68 /* SLClockView.m */; };
/* End PBXBuildFile section */

/* Begin PBXFileReference section */
		F94276F11D38C7D800875791 /* Clock.app */ = {isa = PBXFileReference; explicitFileType = wrapper.application; includeInIndex = 0; path = Clock.app; sourceTree = BUILT_PRODUCTS_DIR; };
		F94276F51D38C7D800875791 /* main.m */ = {isa = PBXFileReference; lastKnownFileType = sourcecode.c.objc; path = main.m; sourceTree = "<group>"; };
		F94276F71D38C7D800875791 /* AppDelegate.h */ = {isa = PBXFileReference; lastKnownFileType = sourcecode.c.h; path = AppDelegate.h; sourceTree = "<group>"; };
		F94276F81D38C7D800875791 /* AppDelegate.m */ = {isa = PBXFileReference; lastKnownFileType = sourcecode.c.objc; path = AppDelegate.m; sourceTree = "<group>"; };
		F94276FA1D38C7D800875791 /* ViewController.h */ = {isa = PBXFileReference; lastKnownFileType = sourcecode.c.h; path = ViewController.h; sourceTree = "<group>"; };
		F94276FB1D38C7D800875791 /* ViewController.m */ = {isa = PBXFileReference; lastKnownFileType = sourcecode.c.objc; path = ViewController.m; sourceTree = "<group>"; };
		F94276FE1D38C7D800875791 /* Base */ = {isa = PBXFileReference; lastKnownFileType = file.storyboard; name = Base; path = Base.lproj/Main.storyboard; sourceTree = "<group>"; };
		F94277001D38C7D800875791 /* Assets.xcassets */ = {isa = PBXFileReference; lastKnownFileType = folder.assetcatalog; path = Assets.xcassets; sourceTree = "<group>"; };
		F94277031D38C7D800875791 /* Base */ = {isa = PBXFileReference; lastKnownFileType = file.storyboard; name = Base; path = Base.lproj/LaunchScreen.storyboard; sourceTree = "<group>"; };
		F94277051D38C7D800875791 /* Info.plist */ = {isa = PBXFileReference; lastKnownFileType = text.plist.xml; path = Info.plist; sourceTree = "<group>"; };
		F94277121D38D9A700875791 /* c.jpeg */ = {isa = PBXFileReference; lastKnownFileType = image.jpeg; path = c.jpeg; sourceTree = "<group>"; };
		F9F2200A1D3DB7E900D50E68 /* SLClockView.h */ = {isa = PBXFileReference; fileEncoding = 4; lastKnownFileType = sourcecode.c.h; path = SLClockView.h; sourceTree = "<group>"; };
		F9F2200B1D3DB7E900D50E68 /* SLClockView.m */ = {isa = PBXFileReference; fileEncoding = 4; lastKnownFileType = sourcecode.c.objc; path = SLClockView.m; sourceTree = "<group>"; };
/* End PBXFileReference section */

/* Begin PBXFrameworksBuildPhase section */
		F94276EE1D38C7D800875791 /* Frameworks */ = {
			isa = PBXFrameworksBuildPhase;
			buildActionMask = 2147483647;
			files = (
			);
			runOnlyForDeploymentPostprocessing = 0;
		};
/* End PBXFrameworksBuildPhase section */

/* Begin PBXGroup section */
		F94276E81D38C7D800875791 = {
			isa = PBXGroup;
			children = (
				F94276F31D38C7D800875791 /* Clock */,
				F94276F21D38C7D800875791 /* Products */,
			);
			sourceTree = "<group>";
		};
		F94276F21D38C7D800875791 /* Products */ = {
			isa = PBXGroup;
			children = (
				F94276F11D38C7D800875791 /* Clock.app */,
			);
			name = Products;
			sourceTree = "<group>";
		};
		F94276F31D38C7D800875791 /* Clock */ = {
			isa = PBXGroup;
			children = (
				F9F220091D3DB7E900D50E68 /* SLClockView */,
				F94276F71D38C7D800875791 /* AppDelegate.h */,
				F94276F81D38C7D800875791 /* AppDelegate.m */,
				F94276FA1D38C7D800875791 /* ViewController.h */,
				F94276FB1D38C7D800875791 /* ViewController.m */,
				F94276FD1D38C7D800875791 /* Main.storyboard */,
				F94277121D38D9A700875791 /* c.jpeg */,
				F94277001D38C7D800875791 /* Assets.xcassets */,
				F94277021D38C7D800875791 /* LaunchScreen.storyboard */,
				F94277051D38C7D800875791 /* Info.plist */,
				F94276F41D38C7D800875791 /* Supporting Files */,
			);
			path = Clock;
			sourceTree = "<group>";
		};
		F94276F41D38C7D800875791 /* Supporting Files */ = {
			isa = PBXGroup;
			children = (
				F94276F51D38C7D800875791 /* main.m */,
			);
			name = "Supporting Files";
			sourceTree = "<group>";
		};
		F9F220091D3DB7E900D50E68 /* SLClockView */ = {
			isa = PBXGroup;
			children = (
				F9F2200A1D3DB7E900D50E68 /* SLClockView.h */,
				F9F2200B1D3DB7E900D50E68 /* SLClockView.m */,
			);
			path = SLClockView;
			sourceTree = "<group>";
		};
/* End PBXGroup section */

/* Begin PBXNativeTarget section */
		F94276F01D38C7D800875791 /* Clock */ = {
			isa = PBXNativeTarget;
			buildConfigurationList = F94277081D38C7D800875791 /* Build configuration list for PBXNativeTarget "Clock" */;
			buildPhases = (
				F94276ED1D38C7D800875791 /* Sources */,
				F94276EE1D38C7D800875791 /* Frameworks */,
				F94276EF1D38C7D800875791 /* Resources */,
			);
			buildRules = (
			);
			dependencies = (
			);
			name = Clock;
			productName = Clock;
			productReference = F94276F11D38C7D800875791 /* Clock.app */;
			productType = "com.apple.product-type.application";
		};
/* End PBXNativeTarget section */

/* Begin PBXProject section */
		F94276E91D38C7D800875791 /* Project object */ = {
			isa = PBXProject;
			attributes = {
				LastUpgradeCheck = 0730;
				ORGANIZATIONNAME = zhangshulin;
				TargetAttributes = {
					F94276F01D38C7D800875791 = {
						CreatedOnToolsVersion = 7.3.1;
					};
				};
			};
			buildConfigurationList = F94276EC1D38C7D800875791 /* Build configuration list for PBXProject "Clock" */;
			compatibilityVersion = "Xcode 3.2";
			developmentRegion = English;
			hasScannedForEncodings = 0;
			knownRegions = (
				en,
				Base,
			);
			mainGroup = F94276E81D38C7D800875791;
			productRefGroup = F94276F21D38C7D800875791 /* Products */;
			projectDirPath = "";
			projectRoot = "";
			targets = (
				F94276F01D38C7D800875791 /* Clock */,
			);
		};
/* End PBXProject section */

/* Begin PBXResourcesBuildPhase section */
		F94276EF1D38C7D800875791 /* Resources */ = {
			isa = PBXResourcesBuildPhase;
			buildActionMask = 2147483647;
			files = (
				F94277041D38C7D800875791 /* LaunchScreen.storyboard in Resources */,
				F94277131D38D9A700875791 /* c.jpeg in Resources */,
				F94277011D38C7D800875791 /* Assets.xcassets in Resources */,
				F94276FF1D38C7D800875791 /* Main.storyboard in Resources */,
			);
			runOnlyForDeploymentPostprocessing = 0;
		};
/* End PBXResourcesBuildPhase section */

/* Begin PBXSourcesBuildPhase section */
		F94276ED1D38C7D800875791 /* Sources */ = {
			isa = PBXSourcesBuildPhase;
			buildActionMask = 2147483647;
			files = (
				F94276FC1D38C7D800875791 /* ViewController.m in Sources */,
				F94276F91D38C7D800875791 /* AppDelegate.m in Sources */,
				F9F2200C1D3DB7E900D50E68 /* SLClockView.m in Sources */,
				F94276F61D38C7D800875791 /* main.m in Sources */,
			);
			runOnlyForDeploymentPostprocessing = 0;
		};
/* End PBXSourcesBuildPhase section */

/* Begin PBXVariantGroup section */
		F94276FD1D38C7D800875791 /* Main.storyboard */ = {
			isa = PBXVariantGroup;
			children = (
				F94276FE1D38C7D800875791 /* Base */,
			);
			name = Main.storyboard;
			sourceTree = "<group>";
		};
		F94277021D38C7D800875791 /* LaunchScreen.storyboard */ = {
			isa = PBXVariantGroup;
			children = (
				F94277031D38C7D800875791 /* Base */,
			);
			name = LaunchScreen.storyboard;
			sourceTree = "<group>";
		};
/* End PBXVariantGroup section */

/* Begin XCBuildConfiguration section */
		F94277061D38C7D800875791 /* Debug */ = {
			isa = XCBuildConfiguration;
			buildSettings = {
				ALWAYS_SEARCH_USER_PATHS = NO;
				CLANG_ANALYZER_NONNULL = YES;
				CLANG_CXX_LANGUAGE_STANDARD = "gnu++0x";
				CLANG_CXX_LIBRARY = "libc++";
				CLANG_ENABLE_MODULES = YES;
				CLANG_ENABLE_OBJC_ARC = YES;
				CLANG_WARN_BOOL_CONVERSION = YES;
				CLANG_WARN_CONSTANT_CONVERSION = YES;
				CLANG_WARN_DIRECT_OBJC_ISA_USAGE = YES_ERROR;
				CLANG_WARN_EMPTY_BODY = YES;
				CLANG_WARN_ENUM_CONVERSION = YES;
				CLANG_WARN_INT_CONVERSION = YES;
				CLANG_WARN_OBJC_ROOT_CLASS = YES_ERROR;
				CLANG_WARN_UNREACHABLE_CODE = YES;
				CLANG_WARN__DUPLICATE_METHOD_MATCH = YES;
				"CODE_SIGN_IDENTITY[sdk=iphoneos*]" = "iPhone Developer";
				COPY_PHASE_STRIP = NO;
				DEBUG_INFORMATION_FORMAT = dwarf;
				ENABLE_STRICT_OBJC_MSGSEND = YES;
				ENABLE_TESTABILITY = YES;
				GCC_C_LANGUAGE_STANDARD = gnu99;
				GCC_DYNAMIC_NO_PIC = NO;
				GCC_NO_COMMON_BLOCKS = YES;
				GCC_OPTIMIZATION_LEVEL = 0;
				GCC_PREPROCESSOR_DEFINITIONS = (
					"DEBUG=1",
					"$(inherited)",
				);
				GCC_WARN_64_TO_32_BIT_CONVERSION = YES;
				GCC_WARN_ABOUT_RETURN_TYPE = YES_ERROR;
				GCC_WARN_UNDECLARED_SELECTOR = YES;
				GCC_WARN_UNINITIALIZED_AUTOS = YES_AGGRESSIVE;
				GCC_WARN_UNUSED_FUNCTION = YES;
				GCC_WARN_UNUSED_VARIABLE = YES;
				IPHONEOS_DEPLOYMENT_TARGET = 9.3;
				MTL_ENABLE_DEBUG_INFO = YES;
				ONLY_ACTIVE_ARCH = YES;
				SDKROOT = iphoneos;
				TARGETED_DEVICE_FAMILY = "1,2";
			};
			name = Debug;
		};
		F94277071D38C7D800875791 /* Release */ = {
			isa = XCBuildConfiguration;
			buildSettings = {
				ALWAYS_SEARCH_USER_PATHS = NO;
				CLANG_ANALYZER_NONNULL = YES;
				CLANG_CXX_LANGUAGE_STANDARD = "gnu++0x";
				CLANG_CXX_LIBRARY = "libc++";
				CLANG_ENABLE_MODULES = YES;
				CLANG_ENABLE_OBJC_ARC = YES;
				CLANG_WARN_BOOL_CONVERSION = YES;
				CLANG_WARN_CONSTANT_CONVERSION = YES;
				CLANG_WARN_DIRECT_OBJC_ISA_USAGE = YES_ERROR;
				CLANG_WARN_EMPTY_BODY = YES;
				CLANG_WARN_ENUM_CONVERSION = YES;
				CLANG_WARN_INT_CONVERSION = YES;
				CLANG_WARN_OBJC_ROOT_CLASS = YES_ERROR;
				CLANG_WARN_UNREACHABLE_CODE = YES;
				CLANG_WARN__DUPLICATE_METHOD_MATCH = YES;
				"CODE_SIGN_IDENTITY[sdk=iphoneos*]" = "iPhone Developer";
				COPY_PHASE_STRIP = NO;
				DEBUG_INFORMATION_FORMAT = "dwarf-with-dsym";
				ENABLE_NS_ASSERTIONS = NO;
				ENABLE_STRICT_OBJC_MSGSEND = YES;
				GCC_C_LANGUAGE_STANDARD = gnu99;
				GCC_NO_COMMON_BLOCKS = YES;
				GCC_WARN_64_TO_32_BIT_CONVERSION = YES;
				GCC_WARN_ABOUT_RETURN_TYPE = YES_ERROR;
				GCC_WARN_UNDECLARED_SELECTOR = YES;
				GCC_WARN_UNINITIALIZED_AUTOS = YES_AGGRESSIVE;
				GCC_WARN_UNUSED_FUNCTION = YES;
				GCC_WARN_UNUSED_VARIABLE = YES;
				IPHONEOS_DEPLOYMENT_TARGET = 9.3;
				MTL_ENABLE_DEBUG_INFO = NO;
				SDKROOT = iphoneos;
				TARGETED_DEVICE_FAMILY = "1,2";
				VALIDATE_PRODUCT = YES;
			};
			name = Release;
		};
		F94277091D38C7D800875791 /* Debug */ = {
			isa = XCBuildConfiguration;
			buildSettings = {
				ASSETCATALOG_COMPILER_APPICON_NAME = AppIcon;
				INFOPLIST_FILE = Clock/Info.plist;
				LD_RUNPATH_SEARCH_PATHS = "$(inherited) @executable_path/Frameworks";
				PRODUCT_BUNDLE_IDENTIFIER = zhangshulin.Clock;
				PRODUCT_NAME = "$(TARGET_NAME)";
			};
			name = Debug;
		};
		F942770A1D38C7D800875791 /* Release */ = {
			isa = XCBuildConfiguration;
			buildSettings = {
				ASSETCATALOG_COMPILER_APPICON_NAME = AppIcon;
				INFOPLIST_FILE = Clock/Info.plist;
				LD_RUNPATH_SEARCH_PATHS = "$(inherited) @executable_path/Frameworks";
				PRODUCT_BUNDLE_IDENTIFIER = zhangshulin.Clock;
				PRODUCT_NAME = "$(TARGET_NAME)";
			};
			name = Release;
		};
/* End XCBuildConfiguration section */

/* Begin XCConfigurationList section */
		F94276EC1D38C7D800875791 /* Build configuration list for PBXProject "Clock" */ = {
			isa = XCConfigurationList;
			buildConfigurations = (
				F94277061D38C7D800875791 /* Debug */,
				F94277071D38C7D800875791 /* Release */,
			);
			defaultConfigurationIsVisible = 0;
			defaultConfigurationName = Release;
		};
		F94277081D38C7D800875791 /* Build configuration list for PBXNativeTarget "Clock" */ = {
			isa = XCConfigurationList;
			buildConfigurations = (
				F94277091D38C7D800875791 /* Debug */,
				F942770A1D38C7D800875791 /* Release */,
			);
			defaultConfigurationIsVisible = 0;
			defaultConfigurationName = Release;
		};
/* End XCConfigurationList section */
	};
	rootObject = F94276E91D38C7D800875791 /* Project object */;
}
